
Microsoft Visual Studio Solution File, Format Version 12.00
# Visual Studio Version 17
VisualStudioVersion = 17.7.34031.279
MinimumVisualStudioVersion = 10.0.40219.1
Project("{FAE04EC0-301F-11D3-BF4B-00C04F79EFBC}") = "QLQuanBida", "QLQuanBida\QLQuanBida.csproj", "{9BDA3C43-EB8E-4092-BE18-56EB5F60ED20}"
EndProject
Global
	GlobalSection(SolutionConfigurationPlatforms) = preSolution
		Debug|Any CPU = Debug|Any CPU
		Release|Any CPU = Release|Any CPU
	EndGlobalSection
	GlobalSection(ProjectConfigurationPlatforms) = postSolution
		{9BDA3C43-EB8E-4092-BE18-56EB5F60ED20}.Debug|Any CPU.ActiveCfg = Debug|Any CPU
		{9BDA3C43-EB8E-4092-BE18-56EB5F60ED20}.Debug|Any CPU.Build.0 = Debug|Any CPU
		{9BDA3C43-EB8E-4092-BE18-56EB5F60ED20}.Release|Any CPU.ActiveCfg = Release|Any CPU
		{9BDA3C43-EB8E-4092-BE18-56EB5F60ED20}.Release|Any CPU.Build.0 = Release|Any CPU
	EndGlobalSection
	GlobalSection(SolutionProperties) = preSolution
		HideSolutionNode = FALSE
	EndGlobalSection
	GlobalSection(ExtensibilityGlobals) = postSolution
		SolutionGuid = {EE63570F-7B26-4936-865A-CDAB20B4B6A2}
	EndGlobalSection
EndGlobal
